
Microsoft Visual Studio Solution File, Format Version 12.00
# Visual Studio Version 16
VisualStudioVersion = 16.0.30611.23
MinimumVisualStudioVersion = 10.0.40219.1
Project("{9A19103F-16F7-4668-BE54-9A1E7A4F7556}") = "AstroAlgo", "AstroAlgo\AstroAlgo.csproj", "{EF7C6E41-1C18-4115-A7DE-6D4572FAF96A}"
EndProject
Project("{FAE04EC0-301F-11D3-BF4B-00C04F79EFBC}") = "AstroConsole", "AstroConsole\AstroConsole.csproj", "{8C7C8017-59C5-43B4-80A3-952886813CC9}"
EndProject
Global
	GlobalSection(SolutionConfigurationPlatforms) = preSolution
		Debug|Any CPU = Debug|Any CPU
		Release|Any CPU = Release|Any CPU
	EndGlobalSection
	GlobalSection(ProjectConfigurationPlatforms) = postSolution
		{EF7C6E41-1C18-4115-A7DE-6D4572FAF96A}.Debug|Any CPU.ActiveCfg = Debug|Any CPU
		{EF7C6E41-1C18-4115-A7DE-6D4572FAF96A}.Debug|Any CPU.Build.0 = Debug|Any CPU
		{EF7C6E41-1C18-4115-A7DE-6D4572FAF96A}.Release|Any CPU.ActiveCfg = Release|Any CPU
		{EF7C6E41-1C18-4115-A7DE-6D4572FAF96A}.Release|Any CPU.Build.0 = Release|Any CPU
		{8C7C8017-59C5-43B4-80A3-952886813CC9}.Debug|Any CPU.ActiveCfg = Debug|Any CPU
		{8C7C8017-59C5-43B4-80A3-952886813CC9}.Debug|Any CPU.Build.0 = Debug|Any CPU
		{8C7C8017-59C5-43B4-80A3-952886813CC9}.Release|Any CPU.ActiveCfg = Release|Any CPU
		{8C7C8017-59C5-43B4-80A3-952886813CC9}.Release|Any CPU.Build.0 = Release|Any CPU
	EndGlobalSection
	GlobalSection(SolutionProperties) = preSolution
		HideSolutionNode = FALSE
	EndGlobalSection
	GlobalSection(ExtensibilityGlobals) = postSolution
		SolutionGuid = {C6AFEA85-8EDD-415A-9874-11A29979AC5A}
	EndGlobalSection
EndGlobal
